// !$*UTF8*$!
{
	archiveVersion = 1;
	classes = {
	};
	objectVersion = 46;
	objects = {

/* Begin PBXBuildFile section */
		195858EF1F2C0E0100A0EF7C /* CoreLocation.framework in Frameworks */ = {isa = PBXBuildFile; fileRef = 195858EE1F2C0E0100A0EF7C /* CoreLocation.framework */; };
		19BA317B1F2ACCE7007F7034 /* AppDelegate.swift in Sources */ = {isa = PBXBuildFile; fileRef = 19BA317A1F2ACCE7007F7034 /* AppDelegate.swift */; };
		19BA317D1F2ACCE7007F7034 /* ViewController.swift in Sources */ = {isa = PBXBuildFile; fileRef = 19BA317C1F2ACCE7007F7034 /* ViewController.swift */; };
		19BA31801F2ACCE7007F7034 /* Main.storyboard in Resources */ = {isa = PBXBuildFile; fileRef = 19BA317E1F2ACCE7007F7034 /* Main.storyboard */; };
		19BA31821F2ACCE7007F7034 /* Assets.xcassets in Resources */ = {isa = PBXBuildFile; fileRef = 19BA31811F2ACCE7007F7034 /* Assets.xcassets */; };
		19BA31851F2ACCE7007F7034 /* LaunchScreen.storyboard in Resources */ = {isa = PBXBuildFile; fileRef = 19BA31831F2ACCE7007F7034 /* LaunchScreen.storyboard */; };
		19BA318F1F2ACEF9007F7034 /* PlacesTableViewController.swift in Sources */ = {isa = PBXBuildFile; fileRef = 19BA318E1F2ACEF9007F7034 /* PlacesTableViewController.swift */; };
/* End PBXBuildFile section */

/* Begin PBXFileReference section */
		195858EE1F2C0E0100A0EF7C /* CoreLocation.framework */ = {isa = PBXFileReference; lastKnownFileType = wrapper.framework; name = CoreLocation.framework; path = System/Library/Frameworks/CoreLocation.framework; sourceTree = SDKROOT; };
		19BA31771F2ACCE7007F7034 /* Memorable Places App 2.app */ = {isa = PBXFileReference; explicitFileType = wrapper.application; includeInIndex = 0; path = "Memorable Places App 2.app"; sourceTree = BUILT_PRODUCTS_DIR; };
		19BA317A1F2ACCE7007F7034 /* AppDelegate.swift */ = {isa = PBXFileReference; lastKnownFileType = sourcecode.swift; path = AppDelegate.swift; sourceTree = "<group>"; };
		19BA317C1F2ACCE7007F7034 /* ViewController.swift */ = {isa = PBXFileReference; lastKnownFileType = sourcecode.swift; path = ViewController.swift; sourceTree = "<group>"; };
		19BA317F1F2ACCE7007F7034 /* Base */ = {isa = PBXFileReference; lastKnownFileType = file.storyboard; name = Base; path = Base.lproj/Main.storyboard; sourceTree = "<group>"; };
		19BA31811F2ACCE7007F7034 /* Assets.xcassets */ = {isa = PBXFileReference; lastKnownFileType = folder.assetcatalog; path = Assets.xcassets; sourceTree = "<group>"; };
		19BA31841F2ACCE7007F7034 /* Base */ = {isa = PBXFileReference; lastKnownFileType = file.storyboard; name = Base; path = Base.lproj/LaunchScreen.storyboard; sourceTree = "<group>"; };
		19BA31861F2ACCE7007F7034 /* Info.plist */ = {isa = PBXFileReference; lastKnownFileType = text.plist.xml; path = Info.plist; sourceTree = "<group>"; };
		19BA318E1F2ACEF9007F7034 /* PlacesTableViewController.swift */ = {isa = PBXFileReference; fileEncoding = 4; lastKnownFileType = sourcecode.swift; name = PlacesTableViewController.swift; path = ../PlacesTableViewController.swift; sourceTree = "<group>"; };
/* End PBXFileReference section */

/* Begin PBXFrameworksBuildPhase section */
		19BA31741F2ACCE7007F7034 /* Frameworks */ = {
			isa = PBXFrameworksBuildPhase;
			buildActionMask = 2147483647;
			files = (
				195858EF1F2C0E0100A0EF7C /* CoreLocation.framework in Frameworks */,
			);
			runOnlyForDeploymentPostprocessing = 0;
		};
/* End PBXFrameworksBuildPhase section */

/* Begin PBXGroup section */
		195858ED1F2C0E0000A0EF7C /* Frameworks */ = {
			isa = PBXGroup;
			children = (
				195858EE1F2C0E0100A0EF7C /* CoreLocation.framework */,
			);
			name = Frameworks;
			sourceTree = "<group>";
		};
		19BA316E1F2ACCE7007F7034 = {
			isa = PBXGroup;
			children = (
				19BA31791F2ACCE7007F7034 /* Memorable Places App 2 */,
				19BA31781F2ACCE7007F7034 /* Products */,
				195858ED1F2C0E0000A0EF7C /* Frameworks */,
			);
			sourceTree = "<group>";
		};
		19BA31781F2ACCE7007F7034 /* Products */ = {
			isa = PBXGroup;
			children = (
				19BA31771F2ACCE7007F7034 /* Memorable Places App 2.app */,
			);
			name = Products;
			sourceTree = "<group>";
		};
		19BA31791F2ACCE7007F7034 /* Memorable Places App 2 */ = {
			isa = PBXGroup;
			children = (
				19BA318E1F2ACEF9007F7034 /* PlacesTableViewController.swift */,
				19BA317A1F2ACCE7007F7034 /* AppDelegate.swift */,
				19BA317C1F2ACCE7007F7034 /* ViewController.swift */,
				19BA317E1F2ACCE7007F7034 /* Main.storyboard */,
				19BA31811F2ACCE7007F7034 /* Assets.xcassets */,
				19BA31831F2ACCE7007F7034 /* LaunchScreen.storyboard */,
				19BA31861F2ACCE7007F7034 /* Info.plist */,
			);
			path = "Memorable Places App 2";
			sourceTree = "<group>";
		};
/* End PBXGroup section */

/* Begin PBXNativeTarget section */
		19BA31761F2ACCE7007F7034 /* Memorable Places App 2 */ = {
			isa = PBXNativeTarget;
			buildConfigurationList = 19BA31891F2ACCE7007F7034 /* Build configuration list for PBXNativeTarget "Memorable Places App 2" */;
			buildPhases = (
				19BA31731F2ACCE7007F7034 /* Sources */,
				19BA31741F2ACCE7007F7034 /* Frameworks */,
				19BA31751F2ACCE7007F7034 /* Resources */,
			);
			buildRules = (
			);
			dependencies = (
			);
			name = "Memorable Places App 2";
			productName = "Memorable Places App 2";
			productReference = 19BA31771F2ACCE7007F7034 /* Memorable Places App 2.app */;
			productType = "com.apple.product-type.application";
		};
/* End PBXNativeTarget section */

/* Begin PBXProject section */
		19BA316F1F2ACCE7007F7034 /* Project object */ = {
			isa = PBXProject;
			attributes = {
				LastSwiftUpdateCheck = 0830;
				LastUpgradeCheck = 0830;
				ORGANIZATIONNAME = Appfish;
				TargetAttributes = {
					19BA31761F2ACCE7007F7034 = {
						CreatedOnToolsVersion = 8.3.3;
						ProvisioningStyle = Automatic;
					};
				};
			};
			buildConfigurationList = 19BA31721F2ACCE7007F7034 /* Build configuration list for PBXProject "Memorable Places App 2" */;
			compatibilityVersion = "Xcode 3.2";
			developmentRegion = English;
			hasScannedForEncodings = 0;
			knownRegions = (
				en,
				Base,
			);
			mainGroup = 19BA316E1F2ACCE7007F7034;
			productRefGroup = 19BA31781F2ACCE7007F7034 /* Products */;
			projectDirPath = "";
			projectRoot = "";
			targets = (
				19BA31761F2ACCE7007F7034 /* Memorable Places App 2 */,
			);
		};
/* End PBXProject section */

/* Begin PBXResourcesBuildPhase section */
		19BA31751F2ACCE7007F7034 /* Resources */ = {
			isa = PBXResourcesBuildPhase;
			buildActionMask = 2147483647;
			files = (
				19BA31851F2ACCE7007F7034 /* LaunchScreen.storyboard in Resources */,
				19BA31821F2ACCE7007F7034 /* Assets.xcassets in Resources */,
				19BA31801F2ACCE7007F7034 /* Main.storyboard in Resources */,
			);
			runOnlyForDeploymentPostprocessing = 0;
		};
/* End PBXResourcesBuildPhase section */

/* Begin PBXSourcesBuildPhase section */
		19BA31731F2ACCE7007F7034 /* Sources */ = {
			isa = PBXSourcesBuildPhase;
			buildActionMask = 2147483647;
			files = (
				19BA317D1F2ACCE7007F7034 /* ViewController.swift in Sources */,
				19BA317B1F2ACCE7007F7034 /* AppDelegate.swift in Sources */,
				19BA318F1F2ACEF9007F7034 /* PlacesTableViewController.swift in Sources */,
			);
			runOnlyForDeploymentPostprocessing = 0;
		};
/* End PBXSourcesBuildPhase section */

/* Begin PBXVariantGroup section */
		19BA317E1F2ACCE7007F7034 /* Main.storyboard */ = {
			isa = PBXVariantGroup;
			children = (
				19BA317F1F2ACCE7007F7034 /* Base */,
			);
			name = Main.storyboard;
			sourceTree = "<group>";
		};
		19BA31831F2ACCE7007F7034 /* LaunchScreen.storyboard */ = {
			isa = PBXVariantGroup;
			children = (
				19BA31841F2ACCE7007F7034 /* Base */,
			);
			name = LaunchScreen.storyboard;
			sourceTree = "<group>";
		};
/* End PBXVariantGroup section */

/* Begin XCBuildConfiguration section */
		19BA31871F2ACCE7007F7034 /* Debug */ = {
			isa = XCBuildConfiguration;
			buildSettings = {
				ALWAYS_SEARCH_USER_PATHS = NO;
				CLANG_ANALYZER_NONNULL = YES;
				CLANG_ANALYZER_NUMBER_OBJECT_CONVERSION = YES_AGGRESSIVE;
				CLANG_CXX_LANGUAGE_STANDARD = "gnu++0x";
				CLANG_CXX_LIBRARY = "libc++";
				CLANG_ENABLE_MODULES = YES;
				CLANG_ENABLE_OBJC_ARC = YES;
				CLANG_WARN_BOOL_CONVERSION = YES;
				CLANG_WARN_CONSTANT_CONVERSION = YES;
				CLANG_WARN_DIRECT_OBJC_ISA_USAGE = YES_ERROR;
				CLANG_WARN_DOCUMENTATION_COMMENTS = YES;
				CLANG_WARN_EMPTY_BODY = YES;
				CLANG_WARN_ENUM_CONVERSION = YES;
				CLANG_WARN_INFINITE_RECURSION = YES;
				CLANG_WARN_INT_CONVERSION = YES;
				CLANG_WARN_OBJC_ROOT_CLASS = YES_ERROR;
				CLANG_WARN_SUSPICIOUS_MOVE = YES;
				CLANG_WARN_UNREACHABLE_CODE = YES;
				CLANG_WARN__DUPLICATE_METHOD_MATCH = YES;
				"CODE_SIGN_IDENTITY[sdk=iphoneos*]" = "iPhone Developer";
				COPY_PHASE_STRIP = NO;
				DEBUG_INFORMATION_FORMAT = dwarf;
				ENABLE_STRICT_OBJC_MSGSEND = YES;
				ENABLE_TESTABILITY = YES;
				GCC_C_LANGUAGE_STANDARD = gnu99;
				GCC_DYNAMIC_NO_PIC = NO;
				GCC_NO_COMMON_BLOCKS = YES;
				GCC_OPTIMIZATION_LEVEL = 0;
				GCC_PREPROCESSOR_DEFINITIONS = (
					"DEBUG=1",
					"$(inherited)",
				);
				GCC_WARN_64_TO_32_BIT_CONVERSION = YES;
				GCC_WARN_ABOUT_RETURN_TYPE = YES_ERROR;
				GCC_WARN_UNDECLARED_SELECTOR = YES;
				GCC_WARN_UNINITIALIZED_AUTOS = YES_AGGRESSIVE;
				GCC_WARN_UNUSED_FUNCTION = YES;
				GCC_WARN_UNUSED_VARIABLE = YES;
				IPHONEOS_DEPLOYMENT_TARGET = 10.3;
				MTL_ENABLE_DEBUG_INFO = YES;
				ONLY_ACTIVE_ARCH = YES;
				SDKROOT = iphoneos;
				SWIFT_ACTIVE_COMPILATION_CONDITIONS = DEBUG;
				SWIFT_OPTIMIZATION_LEVEL = "-Onone";
			};
			name = Debug;
		};
		19BA31881F2ACCE7007F7034 /* Release */ = {
			isa = XCBuildConfiguration;
			buildSettings = {
				ALWAYS_SEARCH_USER_PATHS = NO;
				CLANG_ANALYZER_NONNULL = YES;
				CLANG_ANALYZER_NUMBER_OBJECT_CONVERSION = YES_AGGRESSIVE;
				CLANG_CXX_LANGUAGE_STANDARD = "gnu++0x";
				CLANG_CXX_LIBRARY = "libc++";
				CLANG_ENABLE_MODULES = YES;
				CLANG_ENABLE_OBJC_ARC = YES;
				CLANG_WARN_BOOL_CONVERSION = YES;
				CLANG_WARN_CONSTANT_CONVERSION = YES;
				CLANG_WARN_DIRECT_OBJC_ISA_USAGE = YES_ERROR;
				CLANG_WARN_DOCUMENTATION_COMMENTS = YES;
				CLANG_WARN_EMPTY_BODY = YES;
				CLANG_WARN_ENUM_CONVERSION = YES;
				CLANG_WARN_INFINITE_RECURSION = YES;
				CLANG_WARN_INT_CONVERSION = YES;
				CLANG_WARN_OBJC_ROOT_CLASS = YES_ERROR;
				CLANG_WARN_SUSPICIOUS_MOVE = YES;
				CLANG_WARN_UNREACHABLE_CODE = YES;
				CLANG_WARN__DUPLICATE_METHOD_MATCH = YES;
				"CODE_SIGN_IDENTITY[sdk=iphoneos*]" = "iPhone Developer";
				COPY_PHASE_STRIP = NO;
				DEBUG_INFORMATION_FORMAT = "dwarf-with-dsym";
				ENABLE_NS_ASSERTIONS = NO;
				ENABLE_STRICT_OBJC_MSGSEND = YES;
				GCC_C_LANGUAGE_STANDARD = gnu99;
				GCC_NO_COMMON_BLOCKS = YES;
				GCC_WARN_64_TO_32_BIT_CONVERSION = YES;
				GCC_WARN_ABOUT_RETURN_TYPE = YES_ERROR;
				GCC_WARN_UNDECLARED_SELECTOR = YES;
				GCC_WARN_UNINITIALIZED_AUTOS = YES_AGGRESSIVE;
				GCC_WARN_UNUSED_FUNCTION = YES;
				GCC_WARN_UNUSED_VARIABLE = YES;
				IPHONEOS_DEPLOYMENT_TARGET = 10.3;
				MTL_ENABLE_DEBUG_INFO = NO;
				SDKROOT = iphoneos;
				SWIFT_OPTIMIZATION_LEVEL = "-Owholemodule";
				VALIDATE_PRODUCT = YES;
			};
			name = Release;
		};
		19BA318A1F2ACCE7007F7034 /* Debug */ = {
			isa = XCBuildConfiguration;
			buildSettings = {
				ASSETCATALOG_COMPILER_APPICON_NAME = AppIcon;
				INFOPLIST_FILE = "Memorable Places App 2/Info.plist";
				LD_RUNPATH_SEARCH_PATHS = "$(inherited) @executable_path/Frameworks";
				PRODUCT_BUNDLE_IDENTIFIER = "com.appfish.Memorable-Places-App-2";
				PRODUCT_NAME = "$(TARGET_NAME)";
				SWIFT_VERSION = 3.0;
			};
			name = Debug;
		};
		19BA318B1F2ACCE7007F7034 /* Release */ = {
			isa = XCBuildConfiguration;
			buildSettings = {
				ASSETCATALOG_COMPILER_APPICON_NAME = AppIcon;
				INFOPLIST_FILE = "Memorable Places App 2/Info.plist";
				LD_RUNPATH_SEARCH_PATHS = "$(inherited) @executable_path/Frameworks";
				PRODUCT_BUNDLE_IDENTIFIER = "com.appfish.Memorable-Places-App-2";
				PRODUCT_NAME = "$(TARGET_NAME)";
				SWIFT_VERSION = 3.0;
			};
			name = Release;
		};
/* End XCBuildConfiguration section */

/* Begin XCConfigurationList section */
		19BA31721F2ACCE7007F7034 /* Build configuration list for PBXProject "Memorable Places App 2" */ = {
			isa = XCConfigurationList;
			buildConfigurations = (
				19BA31871F2ACCE7007F7034 /* Debug */,
				19BA31881F2ACCE7007F7034 /* Release */,
			);
			defaultConfigurationIsVisible = 0;
			defaultConfigurationName = Release;
		};
		19BA31891F2ACCE7007F7034 /* Build configuration list for PBXNativeTarget "Memorable Places App 2" */ = {
			isa = XCConfigurationList;
			buildConfigurations = (
				19BA318A1F2ACCE7007F7034 /* Debug */,
				19BA318B1F2ACCE7007F7034 /* Release */,
			);
			defaultConfigurationIsVisible = 0;
			defaultConfigurationName = Release;
		};
/* End XCConfigurationList section */
	};
	rootObject = 19BA316F1F2ACCE7007F7034 /* Project object */;
}
